
Microsoft Visual Studio Solution File, Format Version 12.00
# Visual Studio 15
VisualStudioVersion = 15.0.28010.2026
MinimumVisualStudioVersion = 10.0.40219.1
Project("{FAE04EC0-301F-11D3-BF4B-00C04F79EFBC}") = "ClassLibrary1", "ClassLibrary1\ClassLibrary1.csproj", "{B30E71B8-58D9-4AF1-94D8-299BE55F28B2}"
EndProject
Global
	GlobalSection(SolutionConfigurationPlatforms) = preSolution
		Debug|Any CPU = Debug|Any CPU
		Release|Any CPU = Release|Any CPU
	EndGlobalSection
	GlobalSection(ProjectConfigurationPlatforms) = postSolution
		{B30E71B8-58D9-4AF1-94D8-299BE55F28B2}.Debug|Any CPU.ActiveCfg = Debug|Any CPU
		{B30E71B8-58D9-4AF1-94D8-299BE55F28B2}.Debug|Any CPU.Build.0 = Debug|Any CPU
		{B30E71B8-58D9-4AF1-94D8-299BE55F28B2}.Release|Any CPU.ActiveCfg = Release|Any CPU
		{B30E71B8-58D9-4AF1-94D8-299BE55F28B2}.Release|Any CPU.Build.0 = Release|Any CPU
	EndGlobalSection
	GlobalSection(SolutionProperties) = preSolution
		HideSolutionNode = FALSE
	EndGlobalSection
	GlobalSection(ExtensibilityGlobals) = postSolution
		SolutionGuid = {0D00E3C7-737C-440A-BA45-CD6BCBF7961B}
	EndGlobalSection
EndGlobal
